<?xml version="1.0" encoding="UTF-8" standalone="yes" ?>
<CodeBlocks_project_file>
	<FileVersion major="1" minor="6" />
	<Project>
		<Option title="Test" />
		<Option pch_mode="2" />
		<Option compiler="gcc" />
		<Build>
			<Target title="Debug">
				<Option output="bin/Debug/Test" prefix_auto="1" extension_auto="1" />
				<Option object_output="obj/Debug/" />
				<Option type="1" />
				<Option compiler="gcc" />
				<Compiler>
					<Add option="-g" />
					<Add option="-DKRML_VERIFIED_UINT128" />
				</Compiler>
			</Target>
			<Target title="Release">
				<Option output="bin/Release/Test" prefix_auto="1" extension_auto="1" />
				<Option object_output="obj/Release/" />
				<Option type="1" />
				<Option compiler="gcc" />
				<Compiler>
					<Add option="-O2" />
				</Compiler>
				<Linker>
					<Add option="-s" />
				</Linker>
			</Target>
		</Build>
		<Compiler>
			<Add option="-Wall" />
		</Compiler>
		<Linker>
			<Add library="gcrypt" />
		</Linker>
		<Unit filename="crypt.h" />
		<Unit filename="hacl/FStar_UInt128.h" />
		<Unit filename="hacl/FStar_UInt128_Verified.h" />
		<Unit filename="hacl/FStar_UInt_8_16_32_64.h" />
		<Unit filename="hacl/Hacl_Curve25519_51.c">
			<Option compilerVar="CC" />
		</Unit>
		<Unit filename="hacl/Hacl_Curve25519_51.h" />
		<Unit filename="hacl/Hacl_Kremlib.c">
			<Option compilerVar="CC" />
		</Unit>
		<Unit filename="hacl/Hacl_Kremlib.h" />
		<Unit filename="hacl/Hacl_SHA3.c">
			<Option compilerVar="CC" />
		</Unit>
		<Unit filename="hacl/Hacl_SHA3.h" />
		<Unit filename="hacl/Lib_Memzero0.c">
			<Option compilerVar="CC" />
		</Unit>
		<Unit filename="hacl/Lib_Memzero0.h" />
		<Unit filename="hacl/Lib_RandomBuffer_System.c">
			<Option compilerVar="CC" />
		</Unit>
		<Unit filename="hacl/Lib_RandomBuffer_System.h" />
		<Unit filename="hacl/LowStar_Endianness.h" />
		<Unit filename="hacl/callconv.h" />
		<Unit filename="hacl/compat.h" />
		<Unit filename="hacl/evercrypt_targetconfig.h" />
		<Unit filename="hacl/fstar_uint128_gcc64.h" />
		<Unit filename="hacl/fstar_uint128_struct_endianness.h" />
		<Unit filename="hacl/libintvector.h" />
		<Unit filename="hacl/lowstar_endianness.h" />
		<Unit filename="hacl/target.h" />
		<Unit filename="hacl/types.h" />
		<Unit filename="host2ip.h" />
		<Unit filename="main.c">
			<Option compilerVar="CC" />
		</Unit>
		<Extensions>
			<code_completion />
			<debugger />
		</Extensions>
	</Project>
</CodeBlocks_project_file>
